
Microsoft Visual Studio Solution File, Format Version 12.00
# Visual Studio 15
VisualStudioVersion = 15.0.28010.2036
MinimumVisualStudioVersion = 10.0.40219.1
Project("{FAE04EC0-301F-11D3-BF4B-00C04F79EFBC}") = "TimeZoner", "TimeZoner\TimeZoner.csproj", "{B9CF14E9-1B24-412A-9B61-0B0C4A21FF71}"
EndProject
Project("{9A19103F-16F7-4668-BE54-9A1E7A4F7556}") = "TimeZonerClient", "TimeZonerClient\TimeZonerClient.csproj", "{72A1C814-4F1F-4C18-AAFB-D6A0C670C5D6}"
EndProject
Project("{FAE04EC0-301F-11D3-BF4B-00C04F79EFBC}") = "TimeZonerRest", "TimeZonerRest\TimeZonerRest.csproj", "{AC1023C7-D16E-4BF3-BA8C-866CC4C31E1C}"
EndProject
Global
	GlobalSection(SolutionConfigurationPlatforms) = preSolution
		Debug|Any CPU = Debug|Any CPU
		Release|Any CPU = Release|Any CPU
	EndGlobalSection
	GlobalSection(ProjectConfigurationPlatforms) = postSolution
		{B9CF14E9-1B24-412A-9B61-0B0C4A21FF71}.Debug|Any CPU.ActiveCfg = Debug|Any CPU
		{B9CF14E9-1B24-412A-9B61-0B0C4A21FF71}.Debug|Any CPU.Build.0 = Debug|Any CPU
		{B9CF14E9-1B24-412A-9B61-0B0C4A21FF71}.Release|Any CPU.ActiveCfg = Release|Any CPU
		{B9CF14E9-1B24-412A-9B61-0B0C4A21FF71}.Release|Any CPU.Build.0 = Release|Any CPU
		{72A1C814-4F1F-4C18-AAFB-D6A0C670C5D6}.Debug|Any CPU.ActiveCfg = Debug|Any CPU
		{72A1C814-4F1F-4C18-AAFB-D6A0C670C5D6}.Debug|Any CPU.Build.0 = Debug|Any CPU
		{72A1C814-4F1F-4C18-AAFB-D6A0C670C5D6}.Release|Any CPU.ActiveCfg = Release|Any CPU
		{72A1C814-4F1F-4C18-AAFB-D6A0C670C5D6}.Release|Any CPU.Build.0 = Release|Any CPU
		{AC1023C7-D16E-4BF3-BA8C-866CC4C31E1C}.Debug|Any CPU.ActiveCfg = Debug|Any CPU
		{AC1023C7-D16E-4BF3-BA8C-866CC4C31E1C}.Debug|Any CPU.Build.0 = Debug|Any CPU
		{AC1023C7-D16E-4BF3-BA8C-866CC4C31E1C}.Release|Any CPU.ActiveCfg = Release|Any CPU
		{AC1023C7-D16E-4BF3-BA8C-866CC4C31E1C}.Release|Any CPU.Build.0 = Release|Any CPU
	EndGlobalSection
	GlobalSection(SolutionProperties) = preSolution
		HideSolutionNode = FALSE
	EndGlobalSection
	GlobalSection(ExtensibilityGlobals) = postSolution
		SolutionGuid = {A790A2A4-F8F1-4AC1-B0DA-E175B3508A2A}
	EndGlobalSection
EndGlobal
